
Microsoft Visual Studio Solution File, Format Version 12.00
# Visual Studio Version 17
VisualStudioVersion = 17.5.33516.290
MinimumVisualStudioVersion = 10.0.40219.1
Project("{FAE04EC0-301F-11D3-BF4B-00C04F79EFBC}") = "TP WEB", "WebApplication1\TP WEB.csproj", "{86042E2D-698B-406A-8D41-BC54BADC4130}"
EndProject
Project("{FAE04EC0-301F-11D3-BF4B-00C04F79EFBC}") = "dominio", "dominio\dominio.csproj", "{03FEC900-81DE-4C25-8BDB-240BB685A61A}"
EndProject
Project("{FAE04EC0-301F-11D3-BF4B-00C04F79EFBC}") = "negocio", "negocio\negocio.csproj", "{472553FD-C250-47A9-A71A-D6D672D68447}"
EndProject
Global
	GlobalSection(SolutionConfigurationPlatforms) = preSolution
		Debug|Any CPU = Debug|Any CPU
		Release|Any CPU = Release|Any CPU
	EndGlobalSection
	GlobalSection(ProjectConfigurationPlatforms) = postSolution
		{86042E2D-698B-406A-8D41-BC54BADC4130}.Debug|Any CPU.ActiveCfg = Debug|Any CPU
		{86042E2D-698B-406A-8D41-BC54BADC4130}.Debug|Any CPU.Build.0 = Debug|Any CPU
		{86042E2D-698B-406A-8D41-BC54BADC4130}.Release|Any CPU.ActiveCfg = Release|Any CPU
		{86042E2D-698B-406A-8D41-BC54BADC4130}.Release|Any CPU.Build.0 = Release|Any CPU
		{03FEC900-81DE-4C25-8BDB-240BB685A61A}.Debug|Any CPU.ActiveCfg = Debug|Any CPU
		{03FEC900-81DE-4C25-8BDB-240BB685A61A}.Debug|Any CPU.Build.0 = Debug|Any CPU
		{03FEC900-81DE-4C25-8BDB-240BB685A61A}.Release|Any CPU.ActiveCfg = Release|Any CPU
		{03FEC900-81DE-4C25-8BDB-240BB685A61A}.Release|Any CPU.Build.0 = Release|Any CPU
		{472553FD-C250-47A9-A71A-D6D672D68447}.Debug|Any CPU.ActiveCfg = Debug|Any CPU
		{472553FD-C250-47A9-A71A-D6D672D68447}.Debug|Any CPU.Build.0 = Debug|Any CPU
		{472553FD-C250-47A9-A71A-D6D672D68447}.Release|Any CPU.ActiveCfg = Release|Any CPU
		{472553FD-C250-47A9-A71A-D6D672D68447}.Release|Any CPU.Build.0 = Release|Any CPU
	EndGlobalSection
	GlobalSection(SolutionProperties) = preSolution
		HideSolutionNode = FALSE
	EndGlobalSection
	GlobalSection(ExtensibilityGlobals) = postSolution
		SolutionGuid = {9D23D92B-941C-4AF3-ACC6-41D2FD836D82}
	EndGlobalSection
EndGlobal
